// !$*UTF8*$!
{
	archiveVersion = 1;
	classes = {
	};
	objectVersion = 77;
	objects = {

/* Begin PBXBuildFile section */
		E15737D92EF02E36003CBA9B /* CategoryServiceTests.swift in Sources */ = {isa = PBXBuildFile; fileRef = E15737D42EF02E36003CBA9B /* CategoryServiceTests.swift */; };
		E15737DA2EF02E36003CBA9B /* NotificationServiceTests.swift in Sources */ = {isa = PBXBuildFile; fileRef = E15737D62EF02E36003CBA9B /* NotificationServiceTests.swift */; };
		E15737DB2EF02E36003CBA9B /* CoreDataStackTests.swift in Sources */ = {isa = PBXBuildFile; fileRef = E15737D52EF02E36003CBA9B /* CoreDataStackTests.swift */; };
		E15737DC2EF02E36003CBA9B /* TagServiceTests.swift in Sources */ = {isa = PBXBuildFile; fileRef = E15737D72EF02E36003CBA9B /* TagServiceTests.swift */; };
		E15737DD2EF02E36003CBA9B /* TaskServiceTests.swift in Sources */ = {isa = PBXBuildFile; fileRef = E15737D82EF02E36003CBA9B /* TaskServiceTests.swift */; };
		E15737E12EF0317B003CBA9B /* TasksViewModelTests.swift in Sources */ = {isa = PBXBuildFile; fileRef = E15737E02EF0317B003CBA9B /* TasksViewModelTests.swift */; };
		E15737E32EF0317B003CBA9B /* TaskEditorViewModelTests.swift in Sources */ = {isa = PBXBuildFile; fileRef = E15737DF2EF0317B003CBA9B /* TaskEditorViewModelTests.swift */; };
		8469081D2EEF7591009983F6 /* SnapKit in Frameworks */ = {isa = PBXBuildFile; productRef = 8469081C2EEF7591009983F6 /* SnapKit */; };
/* End PBXBuildFile section */

/* Begin PBXContainerItemProxy section */
		637FA8262EE351F400DE234C /* PBXContainerItemProxy */ = {
			isa = PBXContainerItemProxy;
			containerPortal = 637FA8072EE351F200DE234C /* Project object */;
			proxyType = 1;
			remoteGlobalIDString = 637FA80E2EE351F200DE234C;
			remoteInfo = Comrade;
		};
		637FA8302EE351F400DE234C /* PBXContainerItemProxy */ = {
			isa = PBXContainerItemProxy;
			containerPortal = 637FA8072EE351F200DE234C /* Project object */;
			proxyType = 1;
			remoteGlobalIDString = 637FA80E2EE351F200DE234C;
			remoteInfo = Comrade;
		};
/* End PBXContainerItemProxy section */

/* Begin PBXFileReference section */
		637FA80F2EE351F200DE234C /* Comrade.app */ = {isa = PBXFileReference; explicitFileType = wrapper.application; includeInIndex = 0; path = Comrade.app; sourceTree = BUILT_PRODUCTS_DIR; };
		637FA8252EE351F400DE234C /* ComradeTests.xctest */ = {isa = PBXFileReference; explicitFileType = wrapper.cfbundle; includeInIndex = 0; path = ComradeTests.xctest; sourceTree = BUILT_PRODUCTS_DIR; };
		637FA82F2EE351F400DE234C /* ComradeUITests.xctest */ = {isa = PBXFileReference; explicitFileType = wrapper.cfbundle; includeInIndex = 0; path = ComradeUITests.xctest; sourceTree = BUILT_PRODUCTS_DIR; };
		E15737D42EF02E36003CBA9B /* CategoryServiceTests.swift */ = {isa = PBXFileReference; lastKnownFileType = sourcecode.swift; path = CategoryServiceTests.swift; sourceTree = "<group>"; };
		E15737D52EF02E36003CBA9B /* CoreDataStackTests.swift */ = {isa = PBXFileReference; lastKnownFileType = sourcecode.swift; path = CoreDataStackTests.swift; sourceTree = "<group>"; };
		E15737D62EF02E36003CBA9B /* NotificationServiceTests.swift */ = {isa = PBXFileReference; lastKnownFileType = sourcecode.swift; path = NotificationServiceTests.swift; sourceTree = "<group>"; };
		E15737D72EF02E36003CBA9B /* TagServiceTests.swift */ = {isa = PBXFileReference; lastKnownFileType = sourcecode.swift; path = TagServiceTests.swift; sourceTree = "<group>"; };
		E15737D82EF02E36003CBA9B /* TaskServiceTests.swift */ = {isa = PBXFileReference; lastKnownFileType = sourcecode.swift; path = TaskServiceTests.swift; sourceTree = "<group>"; };
		E15737DF2EF0317B003CBA9B /* TaskEditorViewModelTests.swift */ = {isa = PBXFileReference; lastKnownFileType = sourcecode.swift; path = TaskEditorViewModelTests.swift; sourceTree = "<group>"; };
		E15737E02EF0317B003CBA9B /* TasksViewModelTests.swift */ = {isa = PBXFileReference; lastKnownFileType = sourcecode.swift; path = TasksViewModelTests.swift; sourceTree = "<group>"; };
		E15836E02EEF740400217C10 /* Comrade.xctestplan */ = {isa = PBXFileReference; lastKnownFileType = text; path = Comrade.xctestplan; sourceTree = "<group>"; };
/* End PBXFileReference section */

/* Begin PBXFileSystemSynchronizedBuildFileExceptionSet section */
		637FA8372EE351F400DE234C /* Exceptions for "Comrade" folder in "Comrade" target */ = {
			isa = PBXFileSystemSynchronizedBuildFileExceptionSet;
			membershipExceptions = (
				Info.plist,
			);
			target = 637FA80E2EE351F200DE234C /* Comrade */;
		};
/* End PBXFileSystemSynchronizedBuildFileExceptionSet section */

/* Begin PBXFileSystemSynchronizedRootGroup section */
		637FA8112EE351F200DE234C /* Comrade */ = {
			isa = PBXFileSystemSynchronizedRootGroup;
			exceptions = (
				637FA8372EE351F400DE234C /* Exceptions for "Comrade" folder in "Comrade" target */,
			);
			path = Comrade;
			sourceTree = "<group>";
		};
/* End PBXFileSystemSynchronizedRootGroup section */

/* Begin PBXFrameworksBuildPhase section */
		637FA80C2EE351F200DE234C /* Frameworks */ = {
			isa = PBXFrameworksBuildPhase;
			buildActionMask = 2147483647;
			files = (
				8469081D2EEF7591009983F6 /* SnapKit in Frameworks */,
			);
			runOnlyForDeploymentPostprocessing = 0;
		};
		637FA8222EE351F400DE234C /* Frameworks */ = {
			isa = PBXFrameworksBuildPhase;
			buildActionMask = 2147483647;
			files = (
			);
			runOnlyForDeploymentPostprocessing = 0;
		};
		637FA82C2EE351F400DE234C /* Frameworks */ = {
			isa = PBXFrameworksBuildPhase;
			buildActionMask = 2147483647;
			files = (
			);
			runOnlyForDeploymentPostprocessing = 0;
		};
/* End PBXFrameworksBuildPhase section */

/* Begin PBXGroup section */
		637FA8062EE351F200DE234C = {
			isa = PBXGroup;
			children = (
				E15836E02EEF740400217C10 /* Comrade.xctestplan */,
				E179BA7A2EEE38FC0016EB52 /* ComradeTests */,
				637FA8112EE351F200DE234C /* Comrade */,
				637FA8102EE351F200DE234C /* Products */,
			);
			sourceTree = "<group>";
		};
		637FA8102EE351F200DE234C /* Products */ = {
			isa = PBXGroup;
			children = (
				637FA80F2EE351F200DE234C /* Comrade.app */,
				637FA8252EE351F400DE234C /* ComradeTests.xctest */,
				637FA82F2EE351F400DE234C /* ComradeUITests.xctest */,
			);
			name = Products;
			sourceTree = "<group>";
		};
		E179BA7A2EEE38FC0016EB52 /* ComradeTests */ = {
			isa = PBXGroup;
			children = (
				E15737DF2EF0317B003CBA9B /* TaskEditorViewModelTests.swift */,
				E15737E02EF0317B003CBA9B /* TasksViewModelTests.swift */,
				E15737D42EF02E36003CBA9B /* CategoryServiceTests.swift */,
				E15737D52EF02E36003CBA9B /* CoreDataStackTests.swift */,
				E15737D62EF02E36003CBA9B /* NotificationServiceTests.swift */,
				E15737D72EF02E36003CBA9B /* TagServiceTests.swift */,
				E15737D82EF02E36003CBA9B /* TaskServiceTests.swift */,
			);
			path = ComradeTests;
			sourceTree = "<group>";
		};
/* End PBXGroup section */

/* Begin PBXNativeTarget section */
		637FA80E2EE351F200DE234C /* Comrade */ = {
			isa = PBXNativeTarget;
			buildConfigurationList = 637FA8382EE351F400DE234C /* Build configuration list for PBXNativeTarget "Comrade" */;
			buildPhases = (
				637FA80B2EE351F200DE234C /* Sources */,
				637FA80C2EE351F200DE234C /* Frameworks */,
				637FA80D2EE351F200DE234C /* Resources */,
			);
			buildRules = (
			);
			dependencies = (
			);
			fileSystemSynchronizedGroups = (
				637FA8112EE351F200DE234C /* Comrade */,
			);
			name = Comrade;
			packageProductDependencies = (
				8469081C2EEF7591009983F6 /* SnapKit */,
			);
			productName = Comrade;
			productReference = 637FA80F2EE351F200DE234C /* Comrade.app */;
			productType = "com.apple.product-type.application";
		};
		637FA8242EE351F400DE234C /* ComradeTests */ = {
			isa = PBXNativeTarget;
			buildConfigurationList = 637FA83D2EE351F400DE234C /* Build configuration list for PBXNativeTarget "ComradeTests" */;
			buildPhases = (
				637FA8212EE351F400DE234C /* Sources */,
				637FA8222EE351F400DE234C /* Frameworks */,
				637FA8232EE351F400DE234C /* Resources */,
			);
			buildRules = (
			);
			dependencies = (
				637FA8272EE351F400DE234C /* PBXTargetDependency */,
			);
			name = ComradeTests;
			packageProductDependencies = (
			);
			productName = ComradeTests;
			productReference = 637FA8252EE351F400DE234C /* ComradeTests.xctest */;
			productType = "com.apple.product-type.bundle.unit-test";
		};
		637FA82E2EE351F400DE234C /* ComradeUITests */ = {
			isa = PBXNativeTarget;
			buildConfigurationList = 637FA8402EE351F400DE234C /* Build configuration list for PBXNativeTarget "ComradeUITests" */;
			buildPhases = (
				637FA82B2EE351F400DE234C /* Sources */,
				637FA82C2EE351F400DE234C /* Frameworks */,
				637FA82D2EE351F400DE234C /* Resources */,
			);
			buildRules = (
			);
			dependencies = (
				637FA8312EE351F400DE234C /* PBXTargetDependency */,
			);
			name = ComradeUITests;
			packageProductDependencies = (
			);
			productName = ComradeUITests;
			productReference = 637FA82F2EE351F400DE234C /* ComradeUITests.xctest */;
			productType = "com.apple.product-type.bundle.ui-testing";
		};
/* End PBXNativeTarget section */

/* Begin PBXProject section */
		637FA8072EE351F200DE234C /* Project object */ = {
			isa = PBXProject;
			attributes = {
				BuildIndependentTargetsInParallel = 1;
				LastSwiftUpdateCheck = 2600;
				LastUpgradeCheck = 2600;
				TargetAttributes = {
					637FA80E2EE351F200DE234C = {
						CreatedOnToolsVersion = 26.0;
					};
					637FA8242EE351F400DE234C = {
						CreatedOnToolsVersion = 26.0;
						LastSwiftMigration = 2600;
						TestTargetID = 637FA80E2EE351F200DE234C;
					};
					637FA82E2EE351F400DE234C = {
						CreatedOnToolsVersion = 26.0;
						LastSwiftMigration = 2600;
						TestTargetID = 637FA80E2EE351F200DE234C;
					};
				};
			};
			buildConfigurationList = 637FA80A2EE351F200DE234C /* Build configuration list for PBXProject "Comrade" */;
			developmentRegion = en;
			hasScannedForEncodings = 0;
			knownRegions = (
				en,
				Base,
			);
			mainGroup = 637FA8062EE351F200DE234C;
			minimizedProjectReferenceProxies = 1;
			packageReferences = (
				8469081B2EEF7591009983F6 /* XCRemoteSwiftPackageReference "SnapKit" */,
			);
			preferredProjectObjectVersion = 77;
			productRefGroup = 637FA8102EE351F200DE234C /* Products */;
			projectDirPath = "";
			projectRoot = "";
			targets = (
				637FA80E2EE351F200DE234C /* Comrade */,
				637FA8242EE351F400DE234C /* ComradeTests */,
				637FA82E2EE351F400DE234C /* ComradeUITests */,
			);
		};
/* End PBXProject section */

/* Begin PBXResourcesBuildPhase section */
		637FA80D2EE351F200DE234C /* Resources */ = {
			isa = PBXResourcesBuildPhase;
			buildActionMask = 2147483647;
			files = (
			);
			runOnlyForDeploymentPostprocessing = 0;
		};
		637FA8232EE351F400DE234C /* Resources */ = {
			isa = PBXResourcesBuildPhase;
			buildActionMask = 2147483647;
			files = (
			);
			runOnlyForDeploymentPostprocessing = 0;
		};
		637FA82D2EE351F400DE234C /* Resources */ = {
			isa = PBXResourcesBuildPhase;
			buildActionMask = 2147483647;
			files = (
			);
			runOnlyForDeploymentPostprocessing = 0;
		};
/* End PBXResourcesBuildPhase section */

/* Begin PBXSourcesBuildPhase section */
		637FA80B2EE351F200DE234C /* Sources */ = {
			isa = PBXSourcesBuildPhase;
			buildActionMask = 2147483647;
			files = (
			);
			runOnlyForDeploymentPostprocessing = 0;
		};
		637FA8212EE351F400DE234C /* Sources */ = {
			isa = PBXSourcesBuildPhase;
			buildActionMask = 2147483647;
			files = (
				E15737D92EF02E36003CBA9B /* CategoryServiceTests.swift in Sources */,
				E15737DA2EF02E36003CBA9B /* NotificationServiceTests.swift in Sources */,
				E15737E12EF0317B003CBA9B /* TasksViewModelTests.swift in Sources */,
				E15737E32EF0317B003CBA9B /* TaskEditorViewModelTests.swift in Sources */,
				E15737DB2EF02E36003CBA9B /* CoreDataStackTests.swift in Sources */,
				E15737DC2EF02E36003CBA9B /* TagServiceTests.swift in Sources */,
				E15737DD2EF02E36003CBA9B /* TaskServiceTests.swift in Sources */,
			);
			runOnlyForDeploymentPostprocessing = 0;
		};
		637FA82B2EE351F400DE234C /* Sources */ = {
			isa = PBXSourcesBuildPhase;
			buildActionMask = 2147483647;
			files = (
			);
			runOnlyForDeploymentPostprocessing = 0;
		};
/* End PBXSourcesBuildPhase section */

/* Begin PBXTargetDependency section */
		637FA8272EE351F400DE234C /* PBXTargetDependency */ = {
			isa = PBXTargetDependency;
			target = 637FA80E2EE351F200DE234C /* Comrade */;
			targetProxy = 637FA8262EE351F400DE234C /* PBXContainerItemProxy */;
		};
		637FA8312EE351F400DE234C /* PBXTargetDependency */ = {
			isa = PBXTargetDependency;
			target = 637FA80E2EE351F200DE234C /* Comrade */;
			targetProxy = 637FA8302EE351F400DE234C /* PBXContainerItemProxy */;
		};
/* End PBXTargetDependency section */

/* Begin XCBuildConfiguration section */
		637FA8392EE351F400DE234C /* Debug */ = {
			isa = XCBuildConfiguration;
			buildSettings = {
				ASSETCATALOG_COMPILER_APPICON_NAME = AppIcon;
				ASSETCATALOG_COMPILER_GLOBAL_ACCENT_COLOR_NAME = AccentColor;
				CODE_SIGN_STYLE = Automatic;
				CURRENT_PROJECT_VERSION = 1;
				GENERATE_INFOPLIST_FILE = YES;
				INFOPLIST_FILE = Comrade/Info.plist;
				INFOPLIST_KEY_UIApplicationSupportsIndirectInputEvents = YES;
				INFOPLIST_KEY_UILaunchStoryboardName = LaunchScreen;
				INFOPLIST_KEY_UISupportedInterfaceOrientations_iPad = "UIInterfaceOrientationPortrait UIInterfaceOrientationPortraitUpsideDown UIInterfaceOrientationLandscapeLeft UIInterfaceOrientationLandscapeRight";
				INFOPLIST_KEY_UISupportedInterfaceOrientations_iPhone = "UIInterfaceOrientationPortrait UIInterfaceOrientationLandscapeLeft UIInterfaceOrientationLandscapeRight";
				LD_RUNPATH_SEARCH_PATHS = (
					"$(inherited)",
					"@executable_path/Frameworks",
				);
				MARKETING_VERSION = 1.0;
				PRODUCT_BUNDLE_IDENTIFIER = com.sigmas.Comrade;
				PRODUCT_NAME = "$(TARGET_NAME)";
				STRING_CATALOG_GENERATE_SYMBOLS = YES;
				SWIFT_APPROACHABLE_CONCURRENCY = YES;
				SWIFT_DEFAULT_ACTOR_ISOLATION = MainActor;
				SWIFT_EMIT_LOC_STRINGS = YES;
				SWIFT_UPCOMING_FEATURE_MEMBER_IMPORT_VISIBILITY = YES;
				SWIFT_VERSION = 5.0;
				TARGETED_DEVICE_FAMILY = "1,2";
			};
			name = Debug;
		};
		637FA83A2EE351F400DE234C /* Release */ = {
			isa = XCBuildConfiguration;
			buildSettings = {
				ASSETCATALOG_COMPILER_APPICON_NAME = AppIcon;
				ASSETCATALOG_COMPILER_GLOBAL_ACCENT_COLOR_NAME = AccentColor;
				CODE_SIGN_STYLE = Automatic;
				CURRENT_PROJECT_VERSION = 1;
				GENERATE_INFOPLIST_FILE = YES;
				INFOPLIST_FILE = Comrade/Info.plist;
				INFOPLIST_KEY_UIApplicationSupportsIndirectInputEvents = YES;
				INFOPLIST_KEY_UILaunchStoryboardName = LaunchScreen;
				INFOPLIST_KEY_UISupportedInterfaceOrientations_iPad = "UIInterfaceOrientationPortrait UIInterfaceOrientationPortraitUpsideDown UIInterfaceOrientationLandscapeLeft UIInterfaceOrientationLandscapeRight";
				INFOPLIST_KEY_UISupportedInterfaceOrientations_iPhone = "UIInterfaceOrientationPortrait UIInterfaceOrientationLandscapeLeft UIInterfaceOrientationLandscapeRight";
				LD_RUNPATH_SEARCH_PATHS = (
					"$(inherited)",
					"@executable_path/Frameworks",
				);
				MARKETING_VERSION = 1.0;
				PRODUCT_BUNDLE_IDENTIFIER = com.sigmas.Comrade;
				PRODUCT_NAME = "$(TARGET_NAME)";
				STRING_CATALOG_GENERATE_SYMBOLS = YES;
				SWIFT_APPROACHABLE_CONCURRENCY = YES;
				SWIFT_DEFAULT_ACTOR_ISOLATION = MainActor;
				SWIFT_EMIT_LOC_STRINGS = YES;
				SWIFT_UPCOMING_FEATURE_MEMBER_IMPORT_VISIBILITY = YES;
				SWIFT_VERSION = 5.0;
				TARGETED_DEVICE_FAMILY = "1,2";
			};
			name = Release;
		};
		637FA83B2EE351F400DE234C /* Debug */ = {
			isa = XCBuildConfiguration;
			buildSettings = {
				ALWAYS_SEARCH_USER_PATHS = NO;
				ASSETCATALOG_COMPILER_GENERATE_SWIFT_ASSET_SYMBOL_EXTENSIONS = YES;
				CLANG_ANALYZER_NONNULL = YES;
				CLANG_ANALYZER_NUMBER_OBJECT_CONVERSION = YES_AGGRESSIVE;
				CLANG_CXX_LANGUAGE_STANDARD = "gnu++20";
				CLANG_ENABLE_MODULES = YES;
				CLANG_ENABLE_OBJC_ARC = YES;
				CLANG_ENABLE_OBJC_WEAK = YES;
				CLANG_WARN_BLOCK_CAPTURE_AUTORELEASING = YES;
				CLANG_WARN_BOOL_CONVERSION = YES;
				CLANG_WARN_COMMA = YES;
				CLANG_WARN_CONSTANT_CONVERSION = YES;
				CLANG_WARN_DEPRECATED_OBJC_IMPLEMENTATIONS = YES;
				CLANG_WARN_DIRECT_OBJC_ISA_USAGE = YES_ERROR;
				CLANG_WARN_DOCUMENTATION_COMMENTS = YES;
				CLANG_WARN_EMPTY_BODY = YES;
				CLANG_WARN_ENUM_CONVERSION = YES;
				CLANG_WARN_INFINITE_RECURSION = YES;
				CLANG_WARN_INT_CONVERSION = YES;
				CLANG_WARN_NON_LITERAL_NULL_CONVERSION = YES;
				CLANG_WARN_OBJC_IMPLICIT_RETAIN_SELF = YES;
				CLANG_WARN_OBJC_LITERAL_CONVERSION = YES;
				CLANG_WARN_OBJC_ROOT_CLASS = YES_ERROR;
				CLANG_WARN_QUOTED_INCLUDE_IN_FRAMEWORK_HEADER = YES;
				CLANG_WARN_RANGE_LOOP_ANALYSIS = YES;
				CLANG_WARN_STRICT_PROTOTYPES = YES;
				CLANG_WARN_SUSPICIOUS_MOVE = YES;
				CLANG_WARN_UNGUARDED_AVAILABILITY = YES_AGGRESSIVE;
				CLANG_WARN_UNREACHABLE_CODE = YES;
				CLANG_WARN__DUPLICATE_METHOD_MATCH = YES;
				COPY_PHASE_STRIP = NO;
				DEBUG_INFORMATION_FORMAT = dwarf;
				ENABLE_STRICT_OBJC_MSGSEND = YES;
				ENABLE_TESTABILITY = YES;
				ENABLE_USER_SCRIPT_SANDBOXING = YES;
				GCC_C_LANGUAGE_STANDARD = gnu17;
				GCC_DYNAMIC_NO_PIC = NO;
				GCC_NO_COMMON_BLOCKS = YES;
				GCC_OPTIMIZATION_LEVEL = 0;
				GCC_PREPROCESSOR_DEFINITIONS = (
					"DEBUG=1",
					"$(inherited)",
				);
				GCC_WARN_64_TO_32_BIT_CONVERSION = YES;
				GCC_WARN_ABOUT_RETURN_TYPE = YES_ERROR;
				GCC_WARN_UNDECLARED_SELECTOR = YES;
				GCC_WARN_UNINITIALIZED_AUTOS = YES_AGGRESSIVE;
				GCC_WARN_UNUSED_FUNCTION = YES;
				GCC_WARN_UNUSED_VARIABLE = YES;
				IPHONEOS_DEPLOYMENT_TARGET = 26.0;
				LOCALIZATION_PREFERS_STRING_CATALOGS = YES;
				MTL_ENABLE_DEBUG_INFO = INCLUDE_SOURCE;
				MTL_FAST_MATH = YES;
				ONLY_ACTIVE_ARCH = YES;
				SDKROOT = iphoneos;
				SWIFT_ACTIVE_COMPILATION_CONDITIONS = "DEBUG $(inherited)";
				SWIFT_OPTIMIZATION_LEVEL = "-Onone";
			};
			name = Debug;
		};
		637FA83C2EE351F400DE234C /* Release */ = {
			isa = XCBuildConfiguration;
			buildSettings = {
				ALWAYS_SEARCH_USER_PATHS = NO;
				ASSETCATALOG_COMPILER_GENERATE_SWIFT_ASSET_SYMBOL_EXTENSIONS = YES;
				CLANG_ANALYZER_NONNULL = YES;
				CLANG_ANALYZER_NUMBER_OBJECT_CONVERSION = YES_AGGRESSIVE;
				CLANG_CXX_LANGUAGE_STANDARD = "gnu++20";
				CLANG_ENABLE_MODULES = YES;
				CLANG_ENABLE_OBJC_ARC = YES;
				CLANG_ENABLE_OBJC_WEAK = YES;
				CLANG_WARN_BLOCK_CAPTURE_AUTORELEASING = YES;
				CLANG_WARN_BOOL_CONVERSION = YES;
				CLANG_WARN_COMMA = YES;
				CLANG_WARN_CONSTANT_CONVERSION = YES;
				CLANG_WARN_DEPRECATED_OBJC_IMPLEMENTATIONS = YES;
				CLANG_WARN_DIRECT_OBJC_ISA_USAGE = YES_ERROR;
				CLANG_WARN_DOCUMENTATION_COMMENTS = YES;
				CLANG_WARN_EMPTY_BODY = YES;
				CLANG_WARN_ENUM_CONVERSION = YES;
				CLANG_WARN_INFINITE_RECURSION = YES;
				CLANG_WARN_INT_CONVERSION = YES;
				CLANG_WARN_NON_LITERAL_NULL_CONVERSION = YES;
				CLANG_WARN_OBJC_IMPLICIT_RETAIN_SELF = YES;
				CLANG_WARN_OBJC_LITERAL_CONVERSION = YES;
				CLANG_WARN_OBJC_ROOT_CLASS = YES_ERROR;
				CLANG_WARN_QUOTED_INCLUDE_IN_FRAMEWORK_HEADER = YES;
				CLANG_WARN_RANGE_LOOP_ANALYSIS = YES;
				CLANG_WARN_STRICT_PROTOTYPES = YES;
				CLANG_WARN_SUSPICIOUS_MOVE = YES;
				CLANG_WARN_UNGUARDED_AVAILABILITY = YES_AGGRESSIVE;
				CLANG_WARN_UNREACHABLE_CODE = YES;
				CLANG_WARN__DUPLICATE_METHOD_MATCH = YES;
				COPY_PHASE_STRIP = NO;
				DEBUG_INFORMATION_FORMAT = "dwarf-with-dsym";
				ENABLE_NS_ASSERTIONS = NO;
				ENABLE_STRICT_OBJC_MSGSEND = YES;
				ENABLE_USER_SCRIPT_SANDBOXING = YES;
				GCC_C_LANGUAGE_STANDARD = gnu17;
				GCC_NO_COMMON_BLOCKS = YES;
				GCC_WARN_64_TO_32_BIT_CONVERSION = YES;
				GCC_WARN_ABOUT_RETURN_TYPE = YES_ERROR;
				GCC_WARN_UNDECLARED_SELECTOR = YES;
				GCC_WARN_UNINITIALIZED_AUTOS = YES_AGGRESSIVE;
				GCC_WARN_UNUSED_FUNCTION = YES;
				GCC_WARN_UNUSED_VARIABLE = YES;
				IPHONEOS_DEPLOYMENT_TARGET = 26.0;
				LOCALIZATION_PREFERS_STRING_CATALOGS = YES;
				MTL_ENABLE_DEBUG_INFO = NO;
				MTL_FAST_MATH = YES;
				SDKROOT = iphoneos;
				SWIFT_COMPILATION_MODE = wholemodule;
				VALIDATE_PRODUCT = YES;
			};
			name = Release;
		};
		637FA83E2EE351F400DE234C /* Debug */ = {
			isa = XCBuildConfiguration;
			buildSettings = {
				BUNDLE_LOADER = "$(TEST_HOST)";
				CLANG_ENABLE_MODULES = YES;
				CODE_SIGN_STYLE = Automatic;
				CURRENT_PROJECT_VERSION = 1;
				GENERATE_INFOPLIST_FILE = YES;
				IPHONEOS_DEPLOYMENT_TARGET = 26.0;
				MARKETING_VERSION = 1.0;
				PRODUCT_BUNDLE_IDENTIFIER = com.sigmas.ComradeTests;
				PRODUCT_NAME = "$(TARGET_NAME)";
				STRING_CATALOG_GENERATE_SYMBOLS = NO;
				SWIFT_APPROACHABLE_CONCURRENCY = YES;
				SWIFT_EMIT_LOC_STRINGS = NO;
				SWIFT_OBJC_BRIDGING_HEADER = "";
				SWIFT_OPTIMIZATION_LEVEL = "-Onone";
				SWIFT_UPCOMING_FEATURE_MEMBER_IMPORT_VISIBILITY = YES;
				SWIFT_VERSION = 5.0;
				TARGETED_DEVICE_FAMILY = "1,2";
				TEST_HOST = "$(BUILT_PRODUCTS_DIR)/Comrade.app/$(BUNDLE_EXECUTABLE_FOLDER_PATH)/Comrade";
			};
			name = Debug;
		};
		637FA83F2EE351F400DE234C /* Release */ = {
			isa = XCBuildConfiguration;
			buildSettings = {
				BUNDLE_LOADER = "$(TEST_HOST)";
				CLANG_ENABLE_MODULES = YES;
				CODE_SIGN_STYLE = Automatic;
				CURRENT_PROJECT_VERSION = 1;
				GENERATE_INFOPLIST_FILE = YES;
				IPHONEOS_DEPLOYMENT_TARGET = 26.0;
				MARKETING_VERSION = 1.0;
				PRODUCT_BUNDLE_IDENTIFIER = com.sigmas.ComradeTests;
				PRODUCT_NAME = "$(TARGET_NAME)";
				STRING_CATALOG_GENERATE_SYMBOLS = NO;
				SWIFT_APPROACHABLE_CONCURRENCY = YES;
				SWIFT_EMIT_LOC_STRINGS = NO;
				SWIFT_OBJC_BRIDGING_HEADER = "";
				SWIFT_UPCOMING_FEATURE_MEMBER_IMPORT_VISIBILITY = YES;
				SWIFT_VERSION = 5.0;
				TARGETED_DEVICE_FAMILY = "1,2";
				TEST_HOST = "$(BUILT_PRODUCTS_DIR)/Comrade.app/$(BUNDLE_EXECUTABLE_FOLDER_PATH)/Comrade";
			};
			name = Release;
		};
		637FA8412EE351F400DE234C /* Debug */ = {
			isa = XCBuildConfiguration;
			buildSettings = {
				CLANG_ENABLE_MODULES = YES;
				CODE_SIGN_STYLE = Automatic;
				CURRENT_PROJECT_VERSION = 1;
				GENERATE_INFOPLIST_FILE = YES;
				MARKETING_VERSION = 1.0;
				PRODUCT_BUNDLE_IDENTIFIER = com.sigmas.ComradeUITests;
				PRODUCT_NAME = "$(TARGET_NAME)";
				STRING_CATALOG_GENERATE_SYMBOLS = NO;
				SWIFT_APPROACHABLE_CONCURRENCY = YES;
				SWIFT_EMIT_LOC_STRINGS = NO;
				SWIFT_OPTIMIZATION_LEVEL = "-Onone";
				SWIFT_UPCOMING_FEATURE_MEMBER_IMPORT_VISIBILITY = YES;
				SWIFT_VERSION = 5.0;
				TARGETED_DEVICE_FAMILY = "1,2";
				TEST_TARGET_NAME = Comrade;
			};
			name = Debug;
		};
		637FA8422EE351F400DE234C /* Release */ = {
			isa = XCBuildConfiguration;
			buildSettings = {
				CLANG_ENABLE_MODULES = YES;
				CODE_SIGN_STYLE = Automatic;
				CURRENT_PROJECT_VERSION = 1;
				GENERATE_INFOPLIST_FILE = YES;
				MARKETING_VERSION = 1.0;
				PRODUCT_BUNDLE_IDENTIFIER = com.sigmas.ComradeUITests;
				PRODUCT_NAME = "$(TARGET_NAME)";
				STRING_CATALOG_GENERATE_SYMBOLS = NO;
				SWIFT_APPROACHABLE_CONCURRENCY = YES;
				SWIFT_EMIT_LOC_STRINGS = NO;
				SWIFT_UPCOMING_FEATURE_MEMBER_IMPORT_VISIBILITY = YES;
				SWIFT_VERSION = 5.0;
				TARGETED_DEVICE_FAMILY = "1,2";
				TEST_TARGET_NAME = Comrade;
			};
			name = Release;
		};
/* End XCBuildConfiguration section */

/* Begin XCConfigurationList section */
		637FA80A2EE351F200DE234C /* Build configuration list for PBXProject "Comrade" */ = {
			isa = XCConfigurationList;
			buildConfigurations = (
				637FA83B2EE351F400DE234C /* Debug */,
				637FA83C2EE351F400DE234C /* Release */,
			);
			defaultConfigurationIsVisible = 0;
			defaultConfigurationName = Release;
		};
		637FA8382EE351F400DE234C /* Build configuration list for PBXNativeTarget "Comrade" */ = {
			isa = XCConfigurationList;
			buildConfigurations = (
				637FA8392EE351F400DE234C /* Debug */,
				637FA83A2EE351F400DE234C /* Release */,
			);
			defaultConfigurationIsVisible = 0;
			defaultConfigurationName = Release;
		};
		637FA83D2EE351F400DE234C /* Build configuration list for PBXNativeTarget "ComradeTests" */ = {
			isa = XCConfigurationList;
			buildConfigurations = (
				637FA83E2EE351F400DE234C /* Debug */,
				637FA83F2EE351F400DE234C /* Release */,
			);
			defaultConfigurationIsVisible = 0;
			defaultConfigurationName = Release;
		};
		637FA8402EE351F400DE234C /* Build configuration list for PBXNativeTarget "ComradeUITests" */ = {
			isa = XCConfigurationList;
			buildConfigurations = (
				637FA8412EE351F400DE234C /* Debug */,
				637FA8422EE351F400DE234C /* Release */,
			);
			defaultConfigurationIsVisible = 0;
			defaultConfigurationName = Release;
		};
/* End XCConfigurationList section */

/* Begin XCRemoteSwiftPackageReference section */
		8469081B2EEF7591009983F6 /* XCRemoteSwiftPackageReference "SnapKit" */ = {
			isa = XCRemoteSwiftPackageReference;
			repositoryURL = "https://github.com/SnapKit/SnapKit.git";
			requirement = {
				kind = upToNextMajorVersion;
				minimumVersion = 5.7.1;
			};
		};
/* End XCRemoteSwiftPackageReference section */

/* Begin XCSwiftPackageProductDependency section */
		8469081C2EEF7591009983F6 /* SnapKit */ = {
			isa = XCSwiftPackageProductDependency;
			package = 8469081B2EEF7591009983F6 /* XCRemoteSwiftPackageReference "SnapKit" */;
			productName = SnapKit;
		};
/* End XCSwiftPackageProductDependency section */
	};
	rootObject = 637FA8072EE351F200DE234C /* Project object */;
}
